
Microsoft Visual Studio Solution File, Format Version 12.00
# Visual Studio Version 17
VisualStudioVersion = 17.10.35004.147
MinimumVisualStudioVersion = 10.0.40219.1
Project("{9A19103F-16F7-4668-BE54-9A1E7A4F7556}") = "SharedKernel.Domain", "DomainSharedKernel\SharedKernel.Domain.csproj", "{9FC19A79-7D51-495D-8823-9A5E7C929283}"
EndProject
Project("{9A19103F-16F7-4668-BE54-9A1E7A4F7556}") = "SharedKernel.Application", "ApplicationSharedKernel\SharedKernel.Application.csproj", "{05A8E9F6-3675-4898-8DB2-4B8F4B234599}"
EndProject
Project("{2150E333-8FDC-42A3-9474-1A3956D46DE8}") = "SharedProjects", "SharedProjects", "{70EB92B8-3DED-4340-8717-DEE78EB21686}"
EndProject
Project("{2150E333-8FDC-42A3-9474-1A3956D46DE8}") = "src", "src", "{AD317944-6C89-4661-9288-D4AA45AF0DC6}"
EndProject
Project("{2150E333-8FDC-42A3-9474-1A3956D46DE8}") = "Modules", "Modules", "{60D93CA5-4D54-418E-B462-AD40B40C523D}"
EndProject
Project("{2150E333-8FDC-42A3-9474-1A3956D46DE8}") = "Wallet", "Wallet", "{E615FB02-4367-432B-9700-AA67639C209D}"
EndProject
Project("{9A19103F-16F7-4668-BE54-9A1E7A4F7556}") = "Wallet.Domain", "Wallet.Domain\Wallet.Domain.csproj", "{3FB250C9-0023-4BC7-89AC-89EA07FFEBB3}"
EndProject
Project("{9A19103F-16F7-4668-BE54-9A1E7A4F7556}") = "Wallet.Application", "Wallet.Application\Wallet.Application.csproj", "{7EB8FACF-850A-4FC0-A978-5A5C1D08DD7A}"
EndProject
Project("{9A19103F-16F7-4668-BE54-9A1E7A4F7556}") = "Wallet.Infrastructure", "Wallet.Infrastructure\Wallet.Infrastructure.csproj", "{03D1BD2A-1544-43B7-B1A4-10452B89D227}"
EndProject
Project("{9A19103F-16F7-4668-BE54-9A1E7A4F7556}") = "Wallet.Api", "Wallet.Presentation\Wallet.Api.csproj", "{ECE0BF7B-C051-40EE-A8CA-FEA532C7D3EC}"
EndProject
Project("{9A19103F-16F7-4668-BE54-9A1E7A4F7556}") = "Wallet.Shared", "Wallet.Shared\Wallet.Shared.csproj", "{FB4BCC36-AD24-4E1A-B55F-BC3AFA58FEC4}"
EndProject
Project("{9A19103F-16F7-4668-BE54-9A1E7A4F7556}") = "SharedKernel.Infrastructure", "InfrastructureSharedKernel\SharedKernel.Infrastructure.csproj", "{904E47B3-F878-463E-8070-7219A1F54EC9}"
EndProject
Project("{9A19103F-16F7-4668-BE54-9A1E7A4F7556}") = "SharedKernel.Api", "ApiSharedKernel\SharedKernel.Api.csproj", "{49919D41-64B4-41E4-9921-3B55BD3773F3}"
EndProject
Project("{2150E333-8FDC-42A3-9474-1A3956D46DE8}") = "Identity", "Identity", "{7A5E5E34-7890-47A0-B1DF-6177A0C2472E}"
EndProject
Project("{9A19103F-16F7-4668-BE54-9A1E7A4F7556}") = "Identity.Api", "Identity.Api\Identity.Api.csproj", "{D81961FB-1ED3-4674-94C6-67D48CDC45C0}"
EndProject
Project("{9A19103F-16F7-4668-BE54-9A1E7A4F7556}") = "Identity.Application", "Identity.Application\Identity.Application.csproj", "{49011CAD-CCFE-4A63-B5BE-EFE95D3CCDBC}"
EndProject
Project("{9A19103F-16F7-4668-BE54-9A1E7A4F7556}") = "Identity.Domain", "Identity.Domain\Identity.Domain.csproj", "{7DEBFF05-DA8E-4BBE-B363-9D5629E3F7B5}"
EndProject
Project("{9A19103F-16F7-4668-BE54-9A1E7A4F7556}") = "Identity.Infrastructure", "Identity.Infrastructure\Identity.Infrastructure.csproj", "{375D5567-8AD9-4077-8EF9-DA7C59CEF8EB}"
EndProject
Project("{9A19103F-16F7-4668-BE54-9A1E7A4F7556}") = "Identity.Shared", "Identity.Shared\Identity.Shared.csproj", "{7A8E23FF-94A8-4AD2-9CF8-0B3B3D287BC8}"
EndProject
Project("{2150E333-8FDC-42A3-9474-1A3956D46DE8}") = "Notification", "Notification", "{A8090E37-2289-4D5F-B747-3C1F2CF841EA}"
EndProject
Project("{9A19103F-16F7-4668-BE54-9A1E7A4F7556}") = "Notification.Domain", "Notification.Domain\Notification.Domain.csproj", "{4D605434-A2FC-4323-97BE-3E53D437BBB0}"
EndProject
Project("{9A19103F-16F7-4668-BE54-9A1E7A4F7556}") = "Notification.Application", "Notification.Application\Notification.Application.csproj", "{7A533630-F8C1-4160-B3FD-5A504B0EDCB1}"
EndProject
Project("{9A19103F-16F7-4668-BE54-9A1E7A4F7556}") = "Notification.Infrastructure", "Notification.Infrastructure\Notification.Infrastructure.csproj", "{ADA52BE0-7F89-4BAE-AFD4-F153B930E6BB}"
EndProject
Project("{9A19103F-16F7-4668-BE54-9A1E7A4F7556}") = "Notification.Api", "Notification.Api\Notification.Api.csproj", "{76AACD51-466F-4930-A886-32D7C8CAA4CA}"
EndProject
Project("{9A19103F-16F7-4668-BE54-9A1E7A4F7556}") = "Notification.Shared", "Notification.Shared\Notification.Shared.csproj", "{B8B76D2F-96BA-45C3-A199-03B5B63D6643}"
EndProject
Project("{2150E333-8FDC-42A3-9474-1A3956D46DE8}") = "ExternalServices", "ExternalServices", "{6CDA60E7-3003-48B3-B263-3B9D0E92B321}"
EndProject
Project("{9A19103F-16F7-4668-BE54-9A1E7A4F7556}") = "ExternalServices.Api", "ExternalServices.Api\ExternalServices.Api.csproj", "{A7FECB4E-D838-4453-884B-7ACE426DB26E}"
EndProject
Project("{9A19103F-16F7-4668-BE54-9A1E7A4F7556}") = "ExternalServices.Application", "ExternalServices.Application\ExternalServices.Application.csproj", "{7D4CD948-5CAF-4960-BCD1-FAC19A8B4C3E}"
EndProject
Project("{9A19103F-16F7-4668-BE54-9A1E7A4F7556}") = "ExternalServices.Shared", "ExternalServices.Shared\ExternalServices.Shared.csproj", "{DF281513-1E76-482E-90EC-827153D449FB}"
EndProject
Project("{2150E333-8FDC-42A3-9474-1A3956D46DE8}") = "VtuApp", "VtuApp", "{56FA565D-183A-4D5D-98E8-CD812D6FBFC4}"
EndProject
Project("{9A19103F-16F7-4668-BE54-9A1E7A4F7556}") = "VtuApp.Domain", "VtuApp.Domain\VtuApp.Domain.csproj", "{045F1049-4740-4F09-BE21-40648FC94DA9}"
EndProject
Project("{9A19103F-16F7-4668-BE54-9A1E7A4F7556}") = "VtuApp.Application", "VtuApp.Application\VtuApp.Application.csproj", "{2812BF5D-C7B8-41BA-8C63-732A7485069E}"
EndProject
Project("{9A19103F-16F7-4668-BE54-9A1E7A4F7556}") = "VtuApp.Infrastructure", "VtuApp.Infrastructure\VtuApp.Infrastructure.csproj", "{EEC5AA0D-F83A-4416-B7C9-F05CB0D33447}"
EndProject
Project("{9A19103F-16F7-4668-BE54-9A1E7A4F7556}") = "VtuApp.Api", "VtuApp.Api\VtuApp.Api.csproj", "{3EA5607B-60BE-4F4D-93A0-A0359B26F79A}"
EndProject
Project("{9A19103F-16F7-4668-BE54-9A1E7A4F7556}") = "VtuApp.Shared", "VtuApp.Shared\VtuApp.Shared.csproj", "{057CCA9F-44F2-4EAD-ADEB-60512AD98A59}"
EndProject
Project("{2150E333-8FDC-42A3-9474-1A3956D46DE8}") = "SagaStateMachines", "SagaStateMachines", "{22B86ED1-D840-40DB-A198-B68F06BD0CB9}"
EndProject
Project("{9A19103F-16F7-4668-BE54-9A1E7A4F7556}") = "SagaOrchestrationStateMachines.Shared", "SagaOrchestrationStateMachines.Shared\SagaOrchestrationStateMachines.Shared.csproj", "{0BD73548-43EA-455D-9377-C19F771A625C}"
EndProject
Project("{2150E333-8FDC-42A3-9474-1A3956D46DE8}") = "Host", "Host", "{03D1F851-CC5A-4DD4-B277-8210DB5C19AB}"
EndProject
Project("{9A19103F-16F7-4668-BE54-9A1E7A4F7556}") = "VtuHost.WebApi", "VtuHost.WebApi\VtuHost.WebApi.csproj", "{C4DE9887-CAFD-4E05-8D14-E8CCD6EB8046}"
EndProject
Project("{9A19103F-16F7-4668-BE54-9A1E7A4F7556}") = "SagaOrchestrationStateMachines", "SagaOrchestrationStateMachine\SagaOrchestrationStateMachines.csproj", "{AC489F13-F6F4-4FD8-B233-8BD40CC3DD4A}"
EndProject
Project("{FAE04EC0-301F-11D3-BF4B-00C04F79EFBC}") = "SharedKernel.Common", "SharedKernel.Common\SharedKernel.Common.csproj", "{8FB30B15-F042-496A-A784-918914A503B4}"
EndProject
Global
	GlobalSection(SolutionConfigurationPlatforms) = preSolution
		Debug|Any CPU = Debug|Any CPU
		Release|Any CPU = Release|Any CPU
	EndGlobalSection
	GlobalSection(ProjectConfigurationPlatforms) = postSolution
		{9FC19A79-7D51-495D-8823-9A5E7C929283}.Debug|Any CPU.ActiveCfg = Debug|Any CPU
		{9FC19A79-7D51-495D-8823-9A5E7C929283}.Debug|Any CPU.Build.0 = Debug|Any CPU
		{9FC19A79-7D51-495D-8823-9A5E7C929283}.Release|Any CPU.ActiveCfg = Release|Any CPU
		{9FC19A79-7D51-495D-8823-9A5E7C929283}.Release|Any CPU.Build.0 = Release|Any CPU
		{05A8E9F6-3675-4898-8DB2-4B8F4B234599}.Debug|Any CPU.ActiveCfg = Debug|Any CPU
		{05A8E9F6-3675-4898-8DB2-4B8F4B234599}.Debug|Any CPU.Build.0 = Debug|Any CPU
		{05A8E9F6-3675-4898-8DB2-4B8F4B234599}.Release|Any CPU.ActiveCfg = Release|Any CPU
		{05A8E9F6-3675-4898-8DB2-4B8F4B234599}.Release|Any CPU.Build.0 = Release|Any CPU
		{3FB250C9-0023-4BC7-89AC-89EA07FFEBB3}.Debug|Any CPU.ActiveCfg = Debug|Any CPU
		{3FB250C9-0023-4BC7-89AC-89EA07FFEBB3}.Debug|Any CPU.Build.0 = Debug|Any CPU
		{3FB250C9-0023-4BC7-89AC-89EA07FFEBB3}.Release|Any CPU.ActiveCfg = Release|Any CPU
		{3FB250C9-0023-4BC7-89AC-89EA07FFEBB3}.Release|Any CPU.Build.0 = Release|Any CPU
		{7EB8FACF-850A-4FC0-A978-5A5C1D08DD7A}.Debug|Any CPU.ActiveCfg = Debug|Any CPU
		{7EB8FACF-850A-4FC0-A978-5A5C1D08DD7A}.Debug|Any CPU.Build.0 = Debug|Any CPU
		{7EB8FACF-850A-4FC0-A978-5A5C1D08DD7A}.Release|Any CPU.ActiveCfg = Release|Any CPU
		{7EB8FACF-850A-4FC0-A978-5A5C1D08DD7A}.Release|Any CPU.Build.0 = Release|Any CPU
		{03D1BD2A-1544-43B7-B1A4-10452B89D227}.Debug|Any CPU.ActiveCfg = Debug|Any CPU
		{03D1BD2A-1544-43B7-B1A4-10452B89D227}.Debug|Any CPU.Build.0 = Debug|Any CPU
		{03D1BD2A-1544-43B7-B1A4-10452B89D227}.Release|Any CPU.ActiveCfg = Release|Any CPU
		{03D1BD2A-1544-43B7-B1A4-10452B89D227}.Release|Any CPU.Build.0 = Release|Any CPU
		{ECE0BF7B-C051-40EE-A8CA-FEA532C7D3EC}.Debug|Any CPU.ActiveCfg = Debug|Any CPU
		{ECE0BF7B-C051-40EE-A8CA-FEA532C7D3EC}.Debug|Any CPU.Build.0 = Debug|Any CPU
		{ECE0BF7B-C051-40EE-A8CA-FEA532C7D3EC}.Release|Any CPU.ActiveCfg = Release|Any CPU
		{ECE0BF7B-C051-40EE-A8CA-FEA532C7D3EC}.Release|Any CPU.Build.0 = Release|Any CPU
		{FB4BCC36-AD24-4E1A-B55F-BC3AFA58FEC4}.Debug|Any CPU.ActiveCfg = Debug|Any CPU
		{FB4BCC36-AD24-4E1A-B55F-BC3AFA58FEC4}.Debug|Any CPU.Build.0 = Debug|Any CPU
		{FB4BCC36-AD24-4E1A-B55F-BC3AFA58FEC4}.Release|Any CPU.ActiveCfg = Release|Any CPU
		{FB4BCC36-AD24-4E1A-B55F-BC3AFA58FEC4}.Release|Any CPU.Build.0 = Release|Any CPU
		{904E47B3-F878-463E-8070-7219A1F54EC9}.Debug|Any CPU.ActiveCfg = Debug|Any CPU
		{904E47B3-F878-463E-8070-7219A1F54EC9}.Debug|Any CPU.Build.0 = Debug|Any CPU
		{904E47B3-F878-463E-8070-7219A1F54EC9}.Release|Any CPU.ActiveCfg = Release|Any CPU
		{904E47B3-F878-463E-8070-7219A1F54EC9}.Release|Any CPU.Build.0 = Release|Any CPU
		{49919D41-64B4-41E4-9921-3B55BD3773F3}.Debug|Any CPU.ActiveCfg = Debug|Any CPU
		{49919D41-64B4-41E4-9921-3B55BD3773F3}.Debug|Any CPU.Build.0 = Debug|Any CPU
		{49919D41-64B4-41E4-9921-3B55BD3773F3}.Release|Any CPU.ActiveCfg = Release|Any CPU
		{49919D41-64B4-41E4-9921-3B55BD3773F3}.Release|Any CPU.Build.0 = Release|Any CPU
		{D81961FB-1ED3-4674-94C6-67D48CDC45C0}.Debug|Any CPU.ActiveCfg = Debug|Any CPU
		{D81961FB-1ED3-4674-94C6-67D48CDC45C0}.Debug|Any CPU.Build.0 = Debug|Any CPU
		{D81961FB-1ED3-4674-94C6-67D48CDC45C0}.Release|Any CPU.ActiveCfg = Release|Any CPU
		{D81961FB-1ED3-4674-94C6-67D48CDC45C0}.Release|Any CPU.Build.0 = Release|Any CPU
		{49011CAD-CCFE-4A63-B5BE-EFE95D3CCDBC}.Debug|Any CPU.ActiveCfg = Debug|Any CPU
		{49011CAD-CCFE-4A63-B5BE-EFE95D3CCDBC}.Debug|Any CPU.Build.0 = Debug|Any CPU
		{49011CAD-CCFE-4A63-B5BE-EFE95D3CCDBC}.Release|Any CPU.ActiveCfg = Release|Any CPU
		{49011CAD-CCFE-4A63-B5BE-EFE95D3CCDBC}.Release|Any CPU.Build.0 = Release|Any CPU
		{7DEBFF05-DA8E-4BBE-B363-9D5629E3F7B5}.Debug|Any CPU.ActiveCfg = Debug|Any CPU
		{7DEBFF05-DA8E-4BBE-B363-9D5629E3F7B5}.Debug|Any CPU.Build.0 = Debug|Any CPU
		{7DEBFF05-DA8E-4BBE-B363-9D5629E3F7B5}.Release|Any CPU.ActiveCfg = Release|Any CPU
		{7DEBFF05-DA8E-4BBE-B363-9D5629E3F7B5}.Release|Any CPU.Build.0 = Release|Any CPU
		{375D5567-8AD9-4077-8EF9-DA7C59CEF8EB}.Debug|Any CPU.ActiveCfg = Debug|Any CPU
		{375D5567-8AD9-4077-8EF9-DA7C59CEF8EB}.Debug|Any CPU.Build.0 = Debug|Any CPU
		{375D5567-8AD9-4077-8EF9-DA7C59CEF8EB}.Release|Any CPU.ActiveCfg = Release|Any CPU
		{375D5567-8AD9-4077-8EF9-DA7C59CEF8EB}.Release|Any CPU.Build.0 = Release|Any CPU
		{7A8E23FF-94A8-4AD2-9CF8-0B3B3D287BC8}.Debug|Any CPU.ActiveCfg = Debug|Any CPU
		{7A8E23FF-94A8-4AD2-9CF8-0B3B3D287BC8}.Debug|Any CPU.Build.0 = Debug|Any CPU
		{7A8E23FF-94A8-4AD2-9CF8-0B3B3D287BC8}.Release|Any CPU.ActiveCfg = Release|Any CPU
		{7A8E23FF-94A8-4AD2-9CF8-0B3B3D287BC8}.Release|Any CPU.Build.0 = Release|Any CPU
		{4D605434-A2FC-4323-97BE-3E53D437BBB0}.Debug|Any CPU.ActiveCfg = Debug|Any CPU
		{4D605434-A2FC-4323-97BE-3E53D437BBB0}.Debug|Any CPU.Build.0 = Debug|Any CPU
		{4D605434-A2FC-4323-97BE-3E53D437BBB0}.Release|Any CPU.ActiveCfg = Release|Any CPU
		{4D605434-A2FC-4323-97BE-3E53D437BBB0}.Release|Any CPU.Build.0 = Release|Any CPU
		{7A533630-F8C1-4160-B3FD-5A504B0EDCB1}.Debug|Any CPU.ActiveCfg = Debug|Any CPU
		{7A533630-F8C1-4160-B3FD-5A504B0EDCB1}.Debug|Any CPU.Build.0 = Debug|Any CPU
		{7A533630-F8C1-4160-B3FD-5A504B0EDCB1}.Release|Any CPU.ActiveCfg = Release|Any CPU
		{7A533630-F8C1-4160-B3FD-5A504B0EDCB1}.Release|Any CPU.Build.0 = Release|Any CPU
		{ADA52BE0-7F89-4BAE-AFD4-F153B930E6BB}.Debug|Any CPU.ActiveCfg = Debug|Any CPU
		{ADA52BE0-7F89-4BAE-AFD4-F153B930E6BB}.Debug|Any CPU.Build.0 = Debug|Any CPU
		{ADA52BE0-7F89-4BAE-AFD4-F153B930E6BB}.Release|Any CPU.ActiveCfg = Release|Any CPU
		{ADA52BE0-7F89-4BAE-AFD4-F153B930E6BB}.Release|Any CPU.Build.0 = Release|Any CPU
		{76AACD51-466F-4930-A886-32D7C8CAA4CA}.Debug|Any CPU.ActiveCfg = Debug|Any CPU
		{76AACD51-466F-4930-A886-32D7C8CAA4CA}.Debug|Any CPU.Build.0 = Debug|Any CPU
		{76AACD51-466F-4930-A886-32D7C8CAA4CA}.Release|Any CPU.ActiveCfg = Release|Any CPU
		{76AACD51-466F-4930-A886-32D7C8CAA4CA}.Release|Any CPU.Build.0 = Release|Any CPU
		{B8B76D2F-96BA-45C3-A199-03B5B63D6643}.Debug|Any CPU.ActiveCfg = Debug|Any CPU
		{B8B76D2F-96BA-45C3-A199-03B5B63D6643}.Debug|Any CPU.Build.0 = Debug|Any CPU
		{B8B76D2F-96BA-45C3-A199-03B5B63D6643}.Release|Any CPU.ActiveCfg = Release|Any CPU
		{B8B76D2F-96BA-45C3-A199-03B5B63D6643}.Release|Any CPU.Build.0 = Release|Any CPU
		{A7FECB4E-D838-4453-884B-7ACE426DB26E}.Debug|Any CPU.ActiveCfg = Debug|Any CPU
		{A7FECB4E-D838-4453-884B-7ACE426DB26E}.Debug|Any CPU.Build.0 = Debug|Any CPU
		{A7FECB4E-D838-4453-884B-7ACE426DB26E}.Release|Any CPU.ActiveCfg = Release|Any CPU
		{A7FECB4E-D838-4453-884B-7ACE426DB26E}.Release|Any CPU.Build.0 = Release|Any CPU
		{7D4CD948-5CAF-4960-BCD1-FAC19A8B4C3E}.Debug|Any CPU.ActiveCfg = Debug|Any CPU
		{7D4CD948-5CAF-4960-BCD1-FAC19A8B4C3E}.Debug|Any CPU.Build.0 = Debug|Any CPU
		{7D4CD948-5CAF-4960-BCD1-FAC19A8B4C3E}.Release|Any CPU.ActiveCfg = Release|Any CPU
		{7D4CD948-5CAF-4960-BCD1-FAC19A8B4C3E}.Release|Any CPU.Build.0 = Release|Any CPU
		{DF281513-1E76-482E-90EC-827153D449FB}.Debug|Any CPU.ActiveCfg = Debug|Any CPU
		{DF281513-1E76-482E-90EC-827153D449FB}.Debug|Any CPU.Build.0 = Debug|Any CPU
		{DF281513-1E76-482E-90EC-827153D449FB}.Release|Any CPU.ActiveCfg = Release|Any CPU
		{DF281513-1E76-482E-90EC-827153D449FB}.Release|Any CPU.Build.0 = Release|Any CPU
		{045F1049-4740-4F09-BE21-40648FC94DA9}.Debug|Any CPU.ActiveCfg = Debug|Any CPU
		{045F1049-4740-4F09-BE21-40648FC94DA9}.Debug|Any CPU.Build.0 = Debug|Any CPU
		{045F1049-4740-4F09-BE21-40648FC94DA9}.Release|Any CPU.ActiveCfg = Release|Any CPU
		{045F1049-4740-4F09-BE21-40648FC94DA9}.Release|Any CPU.Build.0 = Release|Any CPU
		{2812BF5D-C7B8-41BA-8C63-732A7485069E}.Debug|Any CPU.ActiveCfg = Debug|Any CPU
		{2812BF5D-C7B8-41BA-8C63-732A7485069E}.Debug|Any CPU.Build.0 = Debug|Any CPU
		{2812BF5D-C7B8-41BA-8C63-732A7485069E}.Release|Any CPU.ActiveCfg = Release|Any CPU
		{2812BF5D-C7B8-41BA-8C63-732A7485069E}.Release|Any CPU.Build.0 = Release|Any CPU
		{EEC5AA0D-F83A-4416-B7C9-F05CB0D33447}.Debug|Any CPU.ActiveCfg = Debug|Any CPU
		{EEC5AA0D-F83A-4416-B7C9-F05CB0D33447}.Debug|Any CPU.Build.0 = Debug|Any CPU
		{EEC5AA0D-F83A-4416-B7C9-F05CB0D33447}.Release|Any CPU.ActiveCfg = Release|Any CPU
		{EEC5AA0D-F83A-4416-B7C9-F05CB0D33447}.Release|Any CPU.Build.0 = Release|Any CPU
		{3EA5607B-60BE-4F4D-93A0-A0359B26F79A}.Debug|Any CPU.ActiveCfg = Debug|Any CPU
		{3EA5607B-60BE-4F4D-93A0-A0359B26F79A}.Debug|Any CPU.Build.0 = Debug|Any CPU
		{3EA5607B-60BE-4F4D-93A0-A0359B26F79A}.Release|Any CPU.ActiveCfg = Release|Any CPU
		{3EA5607B-60BE-4F4D-93A0-A0359B26F79A}.Release|Any CPU.Build.0 = Release|Any CPU
		{057CCA9F-44F2-4EAD-ADEB-60512AD98A59}.Debug|Any CPU.ActiveCfg = Debug|Any CPU
		{057CCA9F-44F2-4EAD-ADEB-60512AD98A59}.Debug|Any CPU.Build.0 = Debug|Any CPU
		{057CCA9F-44F2-4EAD-ADEB-60512AD98A59}.Release|Any CPU.ActiveCfg = Release|Any CPU
		{057CCA9F-44F2-4EAD-ADEB-60512AD98A59}.Release|Any CPU.Build.0 = Release|Any CPU
		{0BD73548-43EA-455D-9377-C19F771A625C}.Debug|Any CPU.ActiveCfg = Debug|Any CPU
		{0BD73548-43EA-455D-9377-C19F771A625C}.Debug|Any CPU.Build.0 = Debug|Any CPU
		{0BD73548-43EA-455D-9377-C19F771A625C}.Release|Any CPU.ActiveCfg = Release|Any CPU
		{0BD73548-43EA-455D-9377-C19F771A625C}.Release|Any CPU.Build.0 = Release|Any CPU
		{C4DE9887-CAFD-4E05-8D14-E8CCD6EB8046}.Debug|Any CPU.ActiveCfg = Debug|Any CPU
		{C4DE9887-CAFD-4E05-8D14-E8CCD6EB8046}.Debug|Any CPU.Build.0 = Debug|Any CPU
		{C4DE9887-CAFD-4E05-8D14-E8CCD6EB8046}.Release|Any CPU.ActiveCfg = Release|Any CPU
		{C4DE9887-CAFD-4E05-8D14-E8CCD6EB8046}.Release|Any CPU.Build.0 = Release|Any CPU
		{AC489F13-F6F4-4FD8-B233-8BD40CC3DD4A}.Debug|Any CPU.ActiveCfg = Debug|Any CPU
		{AC489F13-F6F4-4FD8-B233-8BD40CC3DD4A}.Debug|Any CPU.Build.0 = Debug|Any CPU
		{AC489F13-F6F4-4FD8-B233-8BD40CC3DD4A}.Release|Any CPU.ActiveCfg = Release|Any CPU
		{AC489F13-F6F4-4FD8-B233-8BD40CC3DD4A}.Release|Any CPU.Build.0 = Release|Any CPU
		{8FB30B15-F042-496A-A784-918914A503B4}.Debug|Any CPU.ActiveCfg = Debug|Any CPU
		{8FB30B15-F042-496A-A784-918914A503B4}.Debug|Any CPU.Build.0 = Debug|Any CPU
		{8FB30B15-F042-496A-A784-918914A503B4}.Release|Any CPU.ActiveCfg = Release|Any CPU
		{8FB30B15-F042-496A-A784-918914A503B4}.Release|Any CPU.Build.0 = Release|Any CPU
	EndGlobalSection
	GlobalSection(SolutionProperties) = preSolution
		HideSolutionNode = FALSE
	EndGlobalSection
	GlobalSection(NestedProjects) = preSolution
		{9FC19A79-7D51-495D-8823-9A5E7C929283} = {70EB92B8-3DED-4340-8717-DEE78EB21686}
		{05A8E9F6-3675-4898-8DB2-4B8F4B234599} = {70EB92B8-3DED-4340-8717-DEE78EB21686}
		{70EB92B8-3DED-4340-8717-DEE78EB21686} = {AD317944-6C89-4661-9288-D4AA45AF0DC6}
		{60D93CA5-4D54-418E-B462-AD40B40C523D} = {AD317944-6C89-4661-9288-D4AA45AF0DC6}
		{E615FB02-4367-432B-9700-AA67639C209D} = {60D93CA5-4D54-418E-B462-AD40B40C523D}
		{3FB250C9-0023-4BC7-89AC-89EA07FFEBB3} = {E615FB02-4367-432B-9700-AA67639C209D}
		{7EB8FACF-850A-4FC0-A978-5A5C1D08DD7A} = {E615FB02-4367-432B-9700-AA67639C209D}
		{03D1BD2A-1544-43B7-B1A4-10452B89D227} = {E615FB02-4367-432B-9700-AA67639C209D}
		{ECE0BF7B-C051-40EE-A8CA-FEA532C7D3EC} = {E615FB02-4367-432B-9700-AA67639C209D}
		{FB4BCC36-AD24-4E1A-B55F-BC3AFA58FEC4} = {E615FB02-4367-432B-9700-AA67639C209D}
		{904E47B3-F878-463E-8070-7219A1F54EC9} = {70EB92B8-3DED-4340-8717-DEE78EB21686}
		{49919D41-64B4-41E4-9921-3B55BD3773F3} = {70EB92B8-3DED-4340-8717-DEE78EB21686}
		{7A5E5E34-7890-47A0-B1DF-6177A0C2472E} = {60D93CA5-4D54-418E-B462-AD40B40C523D}
		{D81961FB-1ED3-4674-94C6-67D48CDC45C0} = {7A5E5E34-7890-47A0-B1DF-6177A0C2472E}
		{49011CAD-CCFE-4A63-B5BE-EFE95D3CCDBC} = {7A5E5E34-7890-47A0-B1DF-6177A0C2472E}
		{7DEBFF05-DA8E-4BBE-B363-9D5629E3F7B5} = {7A5E5E34-7890-47A0-B1DF-6177A0C2472E}
		{375D5567-8AD9-4077-8EF9-DA7C59CEF8EB} = {7A5E5E34-7890-47A0-B1DF-6177A0C2472E}
		{7A8E23FF-94A8-4AD2-9CF8-0B3B3D287BC8} = {7A5E5E34-7890-47A0-B1DF-6177A0C2472E}
		{A8090E37-2289-4D5F-B747-3C1F2CF841EA} = {60D93CA5-4D54-418E-B462-AD40B40C523D}
		{4D605434-A2FC-4323-97BE-3E53D437BBB0} = {A8090E37-2289-4D5F-B747-3C1F2CF841EA}
		{7A533630-F8C1-4160-B3FD-5A504B0EDCB1} = {A8090E37-2289-4D5F-B747-3C1F2CF841EA}
		{ADA52BE0-7F89-4BAE-AFD4-F153B930E6BB} = {A8090E37-2289-4D5F-B747-3C1F2CF841EA}
		{76AACD51-466F-4930-A886-32D7C8CAA4CA} = {A8090E37-2289-4D5F-B747-3C1F2CF841EA}
		{B8B76D2F-96BA-45C3-A199-03B5B63D6643} = {A8090E37-2289-4D5F-B747-3C1F2CF841EA}
		{6CDA60E7-3003-48B3-B263-3B9D0E92B321} = {60D93CA5-4D54-418E-B462-AD40B40C523D}
		{A7FECB4E-D838-4453-884B-7ACE426DB26E} = {6CDA60E7-3003-48B3-B263-3B9D0E92B321}
		{7D4CD948-5CAF-4960-BCD1-FAC19A8B4C3E} = {6CDA60E7-3003-48B3-B263-3B9D0E92B321}
		{DF281513-1E76-482E-90EC-827153D449FB} = {6CDA60E7-3003-48B3-B263-3B9D0E92B321}
		{56FA565D-183A-4D5D-98E8-CD812D6FBFC4} = {60D93CA5-4D54-418E-B462-AD40B40C523D}
		{045F1049-4740-4F09-BE21-40648FC94DA9} = {56FA565D-183A-4D5D-98E8-CD812D6FBFC4}
		{2812BF5D-C7B8-41BA-8C63-732A7485069E} = {56FA565D-183A-4D5D-98E8-CD812D6FBFC4}
		{EEC5AA0D-F83A-4416-B7C9-F05CB0D33447} = {56FA565D-183A-4D5D-98E8-CD812D6FBFC4}
		{3EA5607B-60BE-4F4D-93A0-A0359B26F79A} = {56FA565D-183A-4D5D-98E8-CD812D6FBFC4}
		{057CCA9F-44F2-4EAD-ADEB-60512AD98A59} = {56FA565D-183A-4D5D-98E8-CD812D6FBFC4}
		{22B86ED1-D840-40DB-A198-B68F06BD0CB9} = {AD317944-6C89-4661-9288-D4AA45AF0DC6}
		{0BD73548-43EA-455D-9377-C19F771A625C} = {22B86ED1-D840-40DB-A198-B68F06BD0CB9}
		{03D1F851-CC5A-4DD4-B277-8210DB5C19AB} = {AD317944-6C89-4661-9288-D4AA45AF0DC6}
		{C4DE9887-CAFD-4E05-8D14-E8CCD6EB8046} = {03D1F851-CC5A-4DD4-B277-8210DB5C19AB}
		{AC489F13-F6F4-4FD8-B233-8BD40CC3DD4A} = {22B86ED1-D840-40DB-A198-B68F06BD0CB9}
		{8FB30B15-F042-496A-A784-918914A503B4} = {70EB92B8-3DED-4340-8717-DEE78EB21686}
	EndGlobalSection
	GlobalSection(ExtensibilityGlobals) = postSolution
		SolutionGuid = {B068A542-54AF-4787-BB3A-DE3AA7E6A4FF}
	EndGlobalSection
EndGlobal
